
Microsoft Visual Studio Solution File, Format Version 12.00
# Visual Studio 14
VisualStudioVersion = 14.0.23107.0
MinimumVisualStudioVersion = 10.0.40219.1
Project("{FAE04EC0-301F-11D3-BF4B-00C04F79EFBC}") = "Automation", "MLConsole\Automation.csproj", "{A24E6DAB-453E-4573-AED3-18121697F320}"
EndProject
Project("{FAE04EC0-301F-11D3-BF4B-00C04F79EFBC}") = "Tests", "Tests\Tests.csproj", "{1CBF64C5-33EE-4158-89B5-0155E8D6A54C}"
EndProject
Project("{FAE04EC0-301F-11D3-BF4B-00C04F79EFBC}") = "Desktop", "Desktop\Desktop.csproj", "{305C71B2-2783-4876-8E38-2F81E5FC6A52}"
EndProject
Project("{FAE04EC0-301F-11D3-BF4B-00C04F79EFBC}") = "Web", "Web\Web.csproj", "{E8BB3BE5-8808-488A-8FBC-8838560C819B}"
EndProject
Project("{FAE04EC0-301F-11D3-BF4B-00C04F79EFBC}") = "Data.Models", "Models\Data.Models.csproj", "{2A2A0E13-DCD8-4B24-80D1-A62431072AB0}"
EndProject
Project("{FAE04EC0-301F-11D3-BF4B-00C04F79EFBC}") = "Data.Contracts", "Data.Contracts\Data.Contracts.csproj", "{9BAF580C-1A36-44A7-90F2-5EAF9CC64BAB}"
EndProject
Project("{FAE04EC0-301F-11D3-BF4B-00C04F79EFBC}") = "Data", "Data\Data.csproj", "{47814652-B967-4BA5-8F89-EE597E306897}"
EndProject
Project("{E24C65DC-7377-472B-9ABA-BC803B73C61A}") = "MapperClient", "MapperClient", "{790871CB-FC87-4E18-9033-77E145D90175}"
	ProjectSection(WebsiteProperties) = preProject
		SccProjectName = "SAK"
		SccAuxPath = "SAK"
		SccLocalPath = "SAK"
		SccProvider = "SAK"
		TargetFrameworkMoniker = ".NETFramework,Version%3Dv4.5.2"
		Debug.AspNetCompiler.VirtualPath = "/localhost_54231"
		Debug.AspNetCompiler.PhysicalPath = "MapperClient\"
		Debug.AspNetCompiler.TargetPath = "PrecompiledWeb\localhost_54231\"
		Debug.AspNetCompiler.Updateable = "true"
		Debug.AspNetCompiler.ForceOverwrite = "true"
		Debug.AspNetCompiler.FixedNames = "false"
		Debug.AspNetCompiler.Debug = "True"
		Release.AspNetCompiler.VirtualPath = "/localhost_54231"
		Release.AspNetCompiler.PhysicalPath = "MapperClient\"
		Release.AspNetCompiler.TargetPath = "PrecompiledWeb\localhost_54231\"
		Release.AspNetCompiler.Updateable = "true"
		Release.AspNetCompiler.ForceOverwrite = "true"
		Release.AspNetCompiler.FixedNames = "false"
		Release.AspNetCompiler.Debug = "False"
		VWDPort = "54231"
		SlnRelativePath = "MapperClient\"
		DefaultWebSiteLanguage = "Visual C#"
	EndProjectSection
EndProject
Project("{FAE04EC0-301F-11D3-BF4B-00C04F79EFBC}") = "Learning", "Learning\Learning.csproj", "{679EC844-EC56-41EA-89D3-5C5BBFB31F8B}"
EndProject
Global
	GlobalSection(SolutionConfigurationPlatforms) = preSolution
		Debug|Any CPU = Debug|Any CPU
		Debug|ARM = Debug|ARM
		Debug|x64 = Debug|x64
		Debug|x86 = Debug|x86
		Release|Any CPU = Release|Any CPU
		Release|ARM = Release|ARM
		Release|x64 = Release|x64
		Release|x86 = Release|x86
	EndGlobalSection
	GlobalSection(ProjectConfigurationPlatforms) = postSolution
		{A24E6DAB-453E-4573-AED3-18121697F320}.Debug|Any CPU.ActiveCfg = Debug|Any CPU
		{A24E6DAB-453E-4573-AED3-18121697F320}.Debug|Any CPU.Build.0 = Debug|Any CPU
		{A24E6DAB-453E-4573-AED3-18121697F320}.Debug|ARM.ActiveCfg = Debug|Any CPU
		{A24E6DAB-453E-4573-AED3-18121697F320}.Debug|ARM.Build.0 = Debug|Any CPU
		{A24E6DAB-453E-4573-AED3-18121697F320}.Debug|x64.ActiveCfg = Debug|Any CPU
		{A24E6DAB-453E-4573-AED3-18121697F320}.Debug|x64.Build.0 = Debug|Any CPU
		{A24E6DAB-453E-4573-AED3-18121697F320}.Debug|x86.ActiveCfg = Debug|Any CPU
		{A24E6DAB-453E-4573-AED3-18121697F320}.Debug|x86.Build.0 = Debug|Any CPU
		{A24E6DAB-453E-4573-AED3-18121697F320}.Release|Any CPU.ActiveCfg = Release|Any CPU
		{A24E6DAB-453E-4573-AED3-18121697F320}.Release|Any CPU.Build.0 = Release|Any CPU
		{A24E6DAB-453E-4573-AED3-18121697F320}.Release|ARM.ActiveCfg = Release|Any CPU
		{A24E6DAB-453E-4573-AED3-18121697F320}.Release|ARM.Build.0 = Release|Any CPU
		{A24E6DAB-453E-4573-AED3-18121697F320}.Release|x64.ActiveCfg = Release|Any CPU
		{A24E6DAB-453E-4573-AED3-18121697F320}.Release|x64.Build.0 = Release|Any CPU
		{A24E6DAB-453E-4573-AED3-18121697F320}.Release|x86.ActiveCfg = Release|Any CPU
		{A24E6DAB-453E-4573-AED3-18121697F320}.Release|x86.Build.0 = Release|Any CPU
		{1CBF64C5-33EE-4158-89B5-0155E8D6A54C}.Debug|Any CPU.ActiveCfg = Debug|Any CPU
		{1CBF64C5-33EE-4158-89B5-0155E8D6A54C}.Debug|Any CPU.Build.0 = Debug|Any CPU
		{1CBF64C5-33EE-4158-89B5-0155E8D6A54C}.Debug|ARM.ActiveCfg = Debug|Any CPU
		{1CBF64C5-33EE-4158-89B5-0155E8D6A54C}.Debug|ARM.Build.0 = Debug|Any CPU
		{1CBF64C5-33EE-4158-89B5-0155E8D6A54C}.Debug|x64.ActiveCfg = Debug|Any CPU
		{1CBF64C5-33EE-4158-89B5-0155E8D6A54C}.Debug|x64.Build.0 = Debug|Any CPU
		{1CBF64C5-33EE-4158-89B5-0155E8D6A54C}.Debug|x86.ActiveCfg = Debug|Any CPU
		{1CBF64C5-33EE-4158-89B5-0155E8D6A54C}.Debug|x86.Build.0 = Debug|Any CPU
		{1CBF64C5-33EE-4158-89B5-0155E8D6A54C}.Release|Any CPU.ActiveCfg = Release|Any CPU
		{1CBF64C5-33EE-4158-89B5-0155E8D6A54C}.Release|Any CPU.Build.0 = Release|Any CPU
		{1CBF64C5-33EE-4158-89B5-0155E8D6A54C}.Release|ARM.ActiveCfg = Release|Any CPU
		{1CBF64C5-33EE-4158-89B5-0155E8D6A54C}.Release|ARM.Build.0 = Release|Any CPU
		{1CBF64C5-33EE-4158-89B5-0155E8D6A54C}.Release|x64.ActiveCfg = Release|Any CPU
		{1CBF64C5-33EE-4158-89B5-0155E8D6A54C}.Release|x64.Build.0 = Release|Any CPU
		{1CBF64C5-33EE-4158-89B5-0155E8D6A54C}.Release|x86.ActiveCfg = Release|Any CPU
		{1CBF64C5-33EE-4158-89B5-0155E8D6A54C}.Release|x86.Build.0 = Release|Any CPU
		{305C71B2-2783-4876-8E38-2F81E5FC6A52}.Debug|Any CPU.ActiveCfg = Debug|Any CPU
		{305C71B2-2783-4876-8E38-2F81E5FC6A52}.Debug|Any CPU.Build.0 = Debug|Any CPU
		{305C71B2-2783-4876-8E38-2F81E5FC6A52}.Debug|ARM.ActiveCfg = Debug|Any CPU
		{305C71B2-2783-4876-8E38-2F81E5FC6A52}.Debug|ARM.Build.0 = Debug|Any CPU
		{305C71B2-2783-4876-8E38-2F81E5FC6A52}.Debug|x64.ActiveCfg = Debug|Any CPU
		{305C71B2-2783-4876-8E38-2F81E5FC6A52}.Debug|x64.Build.0 = Debug|Any CPU
		{305C71B2-2783-4876-8E38-2F81E5FC6A52}.Debug|x86.ActiveCfg = Debug|Any CPU
		{305C71B2-2783-4876-8E38-2F81E5FC6A52}.Debug|x86.Build.0 = Debug|Any CPU
		{305C71B2-2783-4876-8E38-2F81E5FC6A52}.Release|Any CPU.ActiveCfg = Release|Any CPU
		{305C71B2-2783-4876-8E38-2F81E5FC6A52}.Release|Any CPU.Build.0 = Release|Any CPU
		{305C71B2-2783-4876-8E38-2F81E5FC6A52}.Release|ARM.ActiveCfg = Release|Any CPU
		{305C71B2-2783-4876-8E38-2F81E5FC6A52}.Release|ARM.Build.0 = Release|Any CPU
		{305C71B2-2783-4876-8E38-2F81E5FC6A52}.Release|x64.ActiveCfg = Release|Any CPU
		{305C71B2-2783-4876-8E38-2F81E5FC6A52}.Release|x64.Build.0 = Release|Any CPU
		{305C71B2-2783-4876-8E38-2F81E5FC6A52}.Release|x86.ActiveCfg = Release|Any CPU
		{305C71B2-2783-4876-8E38-2F81E5FC6A52}.Release|x86.Build.0 = Release|Any CPU
		{E8BB3BE5-8808-488A-8FBC-8838560C819B}.Debug|Any CPU.ActiveCfg = Debug|Any CPU
		{E8BB3BE5-8808-488A-8FBC-8838560C819B}.Debug|Any CPU.Build.0 = Debug|Any CPU
		{E8BB3BE5-8808-488A-8FBC-8838560C819B}.Debug|ARM.ActiveCfg = Debug|Any CPU
		{E8BB3BE5-8808-488A-8FBC-8838560C819B}.Debug|ARM.Build.0 = Debug|Any CPU
		{E8BB3BE5-8808-488A-8FBC-8838560C819B}.Debug|x64.ActiveCfg = Debug|Any CPU
		{E8BB3BE5-8808-488A-8FBC-8838560C819B}.Debug|x64.Build.0 = Debug|Any CPU
		{E8BB3BE5-8808-488A-8FBC-8838560C819B}.Debug|x86.ActiveCfg = Debug|Any CPU
		{E8BB3BE5-8808-488A-8FBC-8838560C819B}.Debug|x86.Build.0 = Debug|Any CPU
		{E8BB3BE5-8808-488A-8FBC-8838560C819B}.Release|Any CPU.ActiveCfg = Release|Any CPU
		{E8BB3BE5-8808-488A-8FBC-8838560C819B}.Release|Any CPU.Build.0 = Release|Any CPU
		{E8BB3BE5-8808-488A-8FBC-8838560C819B}.Release|ARM.ActiveCfg = Release|Any CPU
		{E8BB3BE5-8808-488A-8FBC-8838560C819B}.Release|ARM.Build.0 = Release|Any CPU
		{E8BB3BE5-8808-488A-8FBC-8838560C819B}.Release|x64.ActiveCfg = Release|Any CPU
		{E8BB3BE5-8808-488A-8FBC-8838560C819B}.Release|x64.Build.0 = Release|Any CPU
		{E8BB3BE5-8808-488A-8FBC-8838560C819B}.Release|x86.ActiveCfg = Release|Any CPU
		{E8BB3BE5-8808-488A-8FBC-8838560C819B}.Release|x86.Build.0 = Release|Any CPU
		{2A2A0E13-DCD8-4B24-80D1-A62431072AB0}.Debug|Any CPU.ActiveCfg = Debug|Any CPU
		{2A2A0E13-DCD8-4B24-80D1-A62431072AB0}.Debug|Any CPU.Build.0 = Debug|Any CPU
		{2A2A0E13-DCD8-4B24-80D1-A62431072AB0}.Debug|ARM.ActiveCfg = Debug|Any CPU
		{2A2A0E13-DCD8-4B24-80D1-A62431072AB0}.Debug|ARM.Build.0 = Debug|Any CPU
		{2A2A0E13-DCD8-4B24-80D1-A62431072AB0}.Debug|x64.ActiveCfg = Debug|Any CPU
		{2A2A0E13-DCD8-4B24-80D1-A62431072AB0}.Debug|x64.Build.0 = Debug|Any CPU
		{2A2A0E13-DCD8-4B24-80D1-A62431072AB0}.Debug|x86.ActiveCfg = Debug|Any CPU
		{2A2A0E13-DCD8-4B24-80D1-A62431072AB0}.Debug|x86.Build.0 = Debug|Any CPU
		{2A2A0E13-DCD8-4B24-80D1-A62431072AB0}.Release|Any CPU.ActiveCfg = Release|Any CPU
		{2A2A0E13-DCD8-4B24-80D1-A62431072AB0}.Release|Any CPU.Build.0 = Release|Any CPU
		{2A2A0E13-DCD8-4B24-80D1-A62431072AB0}.Release|ARM.ActiveCfg = Release|Any CPU
		{2A2A0E13-DCD8-4B24-80D1-A62431072AB0}.Release|ARM.Build.0 = Release|Any CPU
		{2A2A0E13-DCD8-4B24-80D1-A62431072AB0}.Release|x64.ActiveCfg = Release|Any CPU
		{2A2A0E13-DCD8-4B24-80D1-A62431072AB0}.Release|x64.Build.0 = Release|Any CPU
		{2A2A0E13-DCD8-4B24-80D1-A62431072AB0}.Release|x86.ActiveCfg = Release|Any CPU
		{2A2A0E13-DCD8-4B24-80D1-A62431072AB0}.Release|x86.Build.0 = Release|Any CPU
		{9BAF580C-1A36-44A7-90F2-5EAF9CC64BAB}.Debug|Any CPU.ActiveCfg = Debug|Any CPU
		{9BAF580C-1A36-44A7-90F2-5EAF9CC64BAB}.Debug|Any CPU.Build.0 = Debug|Any CPU
		{9BAF580C-1A36-44A7-90F2-5EAF9CC64BAB}.Debug|ARM.ActiveCfg = Debug|Any CPU
		{9BAF580C-1A36-44A7-90F2-5EAF9CC64BAB}.Debug|ARM.Build.0 = Debug|Any CPU
		{9BAF580C-1A36-44A7-90F2-5EAF9CC64BAB}.Debug|x64.ActiveCfg = Debug|Any CPU
		{9BAF580C-1A36-44A7-90F2-5EAF9CC64BAB}.Debug|x64.Build.0 = Debug|Any CPU
		{9BAF580C-1A36-44A7-90F2-5EAF9CC64BAB}.Debug|x86.ActiveCfg = Debug|Any CPU
		{9BAF580C-1A36-44A7-90F2-5EAF9CC64BAB}.Debug|x86.Build.0 = Debug|Any CPU
		{9BAF580C-1A36-44A7-90F2-5EAF9CC64BAB}.Release|Any CPU.ActiveCfg = Release|Any CPU
		{9BAF580C-1A36-44A7-90F2-5EAF9CC64BAB}.Release|Any CPU.Build.0 = Release|Any CPU
		{9BAF580C-1A36-44A7-90F2-5EAF9CC64BAB}.Release|ARM.ActiveCfg = Release|Any CPU
		{9BAF580C-1A36-44A7-90F2-5EAF9CC64BAB}.Release|ARM.Build.0 = Release|Any CPU
		{9BAF580C-1A36-44A7-90F2-5EAF9CC64BAB}.Release|x64.ActiveCfg = Release|Any CPU
		{9BAF580C-1A36-44A7-90F2-5EAF9CC64BAB}.Release|x64.Build.0 = Release|Any CPU
		{9BAF580C-1A36-44A7-90F2-5EAF9CC64BAB}.Release|x86.ActiveCfg = Release|Any CPU
		{9BAF580C-1A36-44A7-90F2-5EAF9CC64BAB}.Release|x86.Build.0 = Release|Any CPU
		{47814652-B967-4BA5-8F89-EE597E306897}.Debug|Any CPU.ActiveCfg = Debug|Any CPU
		{47814652-B967-4BA5-8F89-EE597E306897}.Debug|Any CPU.Build.0 = Debug|Any CPU
		{47814652-B967-4BA5-8F89-EE597E306897}.Debug|ARM.ActiveCfg = Debug|Any CPU
		{47814652-B967-4BA5-8F89-EE597E306897}.Debug|ARM.Build.0 = Debug|Any CPU
		{47814652-B967-4BA5-8F89-EE597E306897}.Debug|x64.ActiveCfg = Debug|Any CPU
		{47814652-B967-4BA5-8F89-EE597E306897}.Debug|x64.Build.0 = Debug|Any CPU
		{47814652-B967-4BA5-8F89-EE597E306897}.Debug|x86.ActiveCfg = Debug|Any CPU
		{47814652-B967-4BA5-8F89-EE597E306897}.Debug|x86.Build.0 = Debug|Any CPU
		{47814652-B967-4BA5-8F89-EE597E306897}.Release|Any CPU.ActiveCfg = Release|Any CPU
		{47814652-B967-4BA5-8F89-EE597E306897}.Release|Any CPU.Build.0 = Release|Any CPU
		{47814652-B967-4BA5-8F89-EE597E306897}.Release|ARM.ActiveCfg = Release|Any CPU
		{47814652-B967-4BA5-8F89-EE597E306897}.Release|ARM.Build.0 = Release|Any CPU
		{47814652-B967-4BA5-8F89-EE597E306897}.Release|x64.ActiveCfg = Release|Any CPU
		{47814652-B967-4BA5-8F89-EE597E306897}.Release|x64.Build.0 = Release|Any CPU
		{47814652-B967-4BA5-8F89-EE597E306897}.Release|x86.ActiveCfg = Release|Any CPU
		{47814652-B967-4BA5-8F89-EE597E306897}.Release|x86.Build.0 = Release|Any CPU
		{790871CB-FC87-4E18-9033-77E145D90175}.Debug|Any CPU.ActiveCfg = Debug|Any CPU
		{790871CB-FC87-4E18-9033-77E145D90175}.Debug|Any CPU.Build.0 = Debug|Any CPU
		{790871CB-FC87-4E18-9033-77E145D90175}.Debug|ARM.ActiveCfg = Debug|Any CPU
		{790871CB-FC87-4E18-9033-77E145D90175}.Debug|ARM.Build.0 = Debug|Any CPU
		{790871CB-FC87-4E18-9033-77E145D90175}.Debug|x64.ActiveCfg = Debug|Any CPU
		{790871CB-FC87-4E18-9033-77E145D90175}.Debug|x64.Build.0 = Debug|Any CPU
		{790871CB-FC87-4E18-9033-77E145D90175}.Debug|x86.ActiveCfg = Debug|Any CPU
		{790871CB-FC87-4E18-9033-77E145D90175}.Debug|x86.Build.0 = Debug|Any CPU
		{790871CB-FC87-4E18-9033-77E145D90175}.Release|Any CPU.ActiveCfg = Debug|Any CPU
		{790871CB-FC87-4E18-9033-77E145D90175}.Release|Any CPU.Build.0 = Debug|Any CPU
		{790871CB-FC87-4E18-9033-77E145D90175}.Release|ARM.ActiveCfg = Debug|Any CPU
		{790871CB-FC87-4E18-9033-77E145D90175}.Release|ARM.Build.0 = Debug|Any CPU
		{790871CB-FC87-4E18-9033-77E145D90175}.Release|x64.ActiveCfg = Debug|Any CPU
		{790871CB-FC87-4E18-9033-77E145D90175}.Release|x64.Build.0 = Debug|Any CPU
		{790871CB-FC87-4E18-9033-77E145D90175}.Release|x86.ActiveCfg = Debug|Any CPU
		{790871CB-FC87-4E18-9033-77E145D90175}.Release|x86.Build.0 = Debug|Any CPU
		{679EC844-EC56-41EA-89D3-5C5BBFB31F8B}.Debug|Any CPU.ActiveCfg = Debug|Any CPU
		{679EC844-EC56-41EA-89D3-5C5BBFB31F8B}.Debug|Any CPU.Build.0 = Debug|Any CPU
		{679EC844-EC56-41EA-89D3-5C5BBFB31F8B}.Debug|ARM.ActiveCfg = Debug|Any CPU
		{679EC844-EC56-41EA-89D3-5C5BBFB31F8B}.Debug|ARM.Build.0 = Debug|Any CPU
		{679EC844-EC56-41EA-89D3-5C5BBFB31F8B}.Debug|x64.ActiveCfg = Debug|Any CPU
		{679EC844-EC56-41EA-89D3-5C5BBFB31F8B}.Debug|x64.Build.0 = Debug|Any CPU
		{679EC844-EC56-41EA-89D3-5C5BBFB31F8B}.Debug|x86.ActiveCfg = Debug|Any CPU
		{679EC844-EC56-41EA-89D3-5C5BBFB31F8B}.Debug|x86.Build.0 = Debug|Any CPU
		{679EC844-EC56-41EA-89D3-5C5BBFB31F8B}.Release|Any CPU.ActiveCfg = Release|Any CPU
		{679EC844-EC56-41EA-89D3-5C5BBFB31F8B}.Release|Any CPU.Build.0 = Release|Any CPU
		{679EC844-EC56-41EA-89D3-5C5BBFB31F8B}.Release|ARM.ActiveCfg = Release|Any CPU
		{679EC844-EC56-41EA-89D3-5C5BBFB31F8B}.Release|ARM.Build.0 = Release|Any CPU
		{679EC844-EC56-41EA-89D3-5C5BBFB31F8B}.Release|x64.ActiveCfg = Release|Any CPU
		{679EC844-EC56-41EA-89D3-5C5BBFB31F8B}.Release|x64.Build.0 = Release|Any CPU
		{679EC844-EC56-41EA-89D3-5C5BBFB31F8B}.Release|x86.ActiveCfg = Release|Any CPU
		{679EC844-EC56-41EA-89D3-5C5BBFB31F8B}.Release|x86.Build.0 = Release|Any CPU
	EndGlobalSection
	GlobalSection(SolutionProperties) = preSolution
		HideSolutionNode = FALSE
	EndGlobalSection
EndGlobal
